
Microsoft Visual Studio Solution File, Format Version 12.00
# Visual Studio Version 17
VisualStudioVersion = 17.2.32602.215
MinimumVisualStudioVersion = 10.0.40219.1
Project("{FAE04EC0-301F-11D3-BF4B-00C04F79EFBC}") = "WEB-1001-Spring2022-Database", "WEB-1001-Spring2022-Database\WEB-1001-Spring2022-Database.csproj", "{056ECFD4-2103-4461-84E7-49CC0D709DC9}"
EndProject
Global
	GlobalSection(SolutionConfigurationPlatforms) = preSolution
		Debug|Any CPU = Debug|Any CPU
		Release|Any CPU = Release|Any CPU
	EndGlobalSection
	GlobalSection(ProjectConfigurationPlatforms) = postSolution
		{056ECFD4-2103-4461-84E7-49CC0D709DC9}.Debug|Any CPU.ActiveCfg = Debug|Any CPU
		{056ECFD4-2103-4461-84E7-49CC0D709DC9}.Debug|Any CPU.Build.0 = Debug|Any CPU
		{056ECFD4-2103-4461-84E7-49CC0D709DC9}.Release|Any CPU.ActiveCfg = Release|Any CPU
		{056ECFD4-2103-4461-84E7-49CC0D709DC9}.Release|Any CPU.Build.0 = Release|Any CPU
	EndGlobalSection
	GlobalSection(SolutionProperties) = preSolution
		HideSolutionNode = FALSE
	EndGlobalSection
	GlobalSection(ExtensibilityGlobals) = postSolution
		SolutionGuid = {2B930F44-F7F1-47B1-9104-DF220FF05727}
	EndGlobalSection
EndGlobal
